
Microsoft Visual Studio Solution File, Format Version 12.00
# Visual Studio Version 16
VisualStudioVersion = 16.0.31729.503
MinimumVisualStudioVersion = 10.0.40219.1
Project("{FAE04EC0-301F-11D3-BF4B-00C04F79EFBC}") = "Chapter05", "Chapter05\Chapter05.csproj", "{B5659DA4-EAB2-4440-8E38-BE89CCA0F87D}"
EndProject
Project("{FAE04EC0-301F-11D3-BF4B-00C04F79EFBC}") = "Classlib", "Classlib\Classlib.csproj", "{35A392DA-4117-4313-B490-616DD83E8115}"
EndProject
Project("{2150E333-8FDC-42A3-9474-1A3956D46DE8}") = "PeopleApp", "PeopleApp", "{E63F2159-7D76-4741-AA5D-B212CE6A4474}"
EndProject
Project("{FAE04EC0-301F-11D3-BF4B-00C04F79EFBC}") = "PeopleApp", "PeopleApp\PeopleApp.csproj", "{F757A49B-63F0-4D62-8BB7-9F3653B5B518}"
EndProject
Global
	GlobalSection(SolutionConfigurationPlatforms) = preSolution
		Debug|Any CPU = Debug|Any CPU
		Release|Any CPU = Release|Any CPU
	EndGlobalSection
	GlobalSection(ProjectConfigurationPlatforms) = postSolution
		{B5659DA4-EAB2-4440-8E38-BE89CCA0F87D}.Debug|Any CPU.ActiveCfg = Debug|Any CPU
		{B5659DA4-EAB2-4440-8E38-BE89CCA0F87D}.Debug|Any CPU.Build.0 = Debug|Any CPU
		{B5659DA4-EAB2-4440-8E38-BE89CCA0F87D}.Release|Any CPU.ActiveCfg = Release|Any CPU
		{B5659DA4-EAB2-4440-8E38-BE89CCA0F87D}.Release|Any CPU.Build.0 = Release|Any CPU
		{35A392DA-4117-4313-B490-616DD83E8115}.Debug|Any CPU.ActiveCfg = Debug|Any CPU
		{35A392DA-4117-4313-B490-616DD83E8115}.Debug|Any CPU.Build.0 = Debug|Any CPU
		{35A392DA-4117-4313-B490-616DD83E8115}.Release|Any CPU.ActiveCfg = Release|Any CPU
		{35A392DA-4117-4313-B490-616DD83E8115}.Release|Any CPU.Build.0 = Release|Any CPU
		{F757A49B-63F0-4D62-8BB7-9F3653B5B518}.Debug|Any CPU.ActiveCfg = Debug|Any CPU
		{F757A49B-63F0-4D62-8BB7-9F3653B5B518}.Debug|Any CPU.Build.0 = Debug|Any CPU
		{F757A49B-63F0-4D62-8BB7-9F3653B5B518}.Release|Any CPU.ActiveCfg = Release|Any CPU
		{F757A49B-63F0-4D62-8BB7-9F3653B5B518}.Release|Any CPU.Build.0 = Release|Any CPU
	EndGlobalSection
	GlobalSection(SolutionProperties) = preSolution
		HideSolutionNode = FALSE
	EndGlobalSection
	GlobalSection(NestedProjects) = preSolution
		{F757A49B-63F0-4D62-8BB7-9F3653B5B518} = {E63F2159-7D76-4741-AA5D-B212CE6A4474}
	EndGlobalSection
	GlobalSection(ExtensibilityGlobals) = postSolution
		SolutionGuid = {0F456A00-9E60-4012-8F74-E86A3F16E979}
	EndGlobalSection
EndGlobal
