
Microsoft Visual Studio Solution File, Format Version 12.00
# Visual Studio Version 16
VisualStudioVersion = 16.0.31729.503
MinimumVisualStudioVersion = 10.0.40219.1
Project("{9A19103F-16F7-4668-BE54-9A1E7A4F7556}") = "demo", "demo\demo.csproj", "{A429AAD1-6413-4AFA-984E-229762E60B8E}"
EndProject
Project("{2150E333-8FDC-42A3-9474-1A3956D46DE8}") = "PacktLibrary", "PacktLibrary", "{CCC2A1E0-B079-4888-9F4C-A868092DA37D}"
EndProject
Project("{2150E333-8FDC-42A3-9474-1A3956D46DE8}") = "PeopleApp", "PeopleApp", "{E63F2159-7D76-4741-AA5D-B212CE6A4474}"
EndProject
Project("{9A19103F-16F7-4668-BE54-9A1E7A4F7556}") = "PacktLibrary", "PacktLibrary\PacktLibrary.csproj", "{488961A5-4EA1-48DA-B76A-EEF659CFC4B5}"
EndProject
Project("{9A19103F-16F7-4668-BE54-9A1E7A4F7556}") = "PeopleApp", "PeopleApp\PeopleApp.csproj", "{8E24ACFC-D8F8-477F-88A1-E16C902F18F4}"
EndProject
Global
	GlobalSection(SolutionConfigurationPlatforms) = preSolution
		Debug|Any CPU = Debug|Any CPU
		Release|Any CPU = Release|Any CPU
	EndGlobalSection
	GlobalSection(ProjectConfigurationPlatforms) = postSolution
		{A429AAD1-6413-4AFA-984E-229762E60B8E}.Debug|Any CPU.ActiveCfg = Debug|Any CPU
		{A429AAD1-6413-4AFA-984E-229762E60B8E}.Debug|Any CPU.Build.0 = Debug|Any CPU
		{A429AAD1-6413-4AFA-984E-229762E60B8E}.Release|Any CPU.ActiveCfg = Release|Any CPU
		{A429AAD1-6413-4AFA-984E-229762E60B8E}.Release|Any CPU.Build.0 = Release|Any CPU
		{488961A5-4EA1-48DA-B76A-EEF659CFC4B5}.Debug|Any CPU.ActiveCfg = Debug|Any CPU
		{488961A5-4EA1-48DA-B76A-EEF659CFC4B5}.Debug|Any CPU.Build.0 = Debug|Any CPU
		{488961A5-4EA1-48DA-B76A-EEF659CFC4B5}.Release|Any CPU.ActiveCfg = Release|Any CPU
		{488961A5-4EA1-48DA-B76A-EEF659CFC4B5}.Release|Any CPU.Build.0 = Release|Any CPU
		{8E24ACFC-D8F8-477F-88A1-E16C902F18F4}.Debug|Any CPU.ActiveCfg = Debug|Any CPU
		{8E24ACFC-D8F8-477F-88A1-E16C902F18F4}.Debug|Any CPU.Build.0 = Debug|Any CPU
		{8E24ACFC-D8F8-477F-88A1-E16C902F18F4}.Release|Any CPU.ActiveCfg = Release|Any CPU
		{8E24ACFC-D8F8-477F-88A1-E16C902F18F4}.Release|Any CPU.Build.0 = Release|Any CPU
	EndGlobalSection
	GlobalSection(SolutionProperties) = preSolution
		HideSolutionNode = FALSE
	EndGlobalSection
	GlobalSection(NestedProjects) = preSolution
		{488961A5-4EA1-48DA-B76A-EEF659CFC4B5} = {CCC2A1E0-B079-4888-9F4C-A868092DA37D}
		{8E24ACFC-D8F8-477F-88A1-E16C902F18F4} = {E63F2159-7D76-4741-AA5D-B212CE6A4474}
	EndGlobalSection
	GlobalSection(ExtensibilityGlobals) = postSolution
		SolutionGuid = {AD044F59-E281-4170-ACF9-D5C764FA7BE7}
	EndGlobalSection
EndGlobal
