
Microsoft Visual Studio Solution File, Format Version 12.00
# Visual Studio Version 16
VisualStudioVersion = 16.0.31729.503
MinimumVisualStudioVersion = 10.0.40219.1
Project("{9A19103F-16F7-4668-BE54-9A1E7A4F7556}") = "demo", "demo\demo.csproj", "{A429AAD1-6413-4AFA-984E-229762E60B8E}"
EndProject
Project("{2150E333-8FDC-42A3-9474-1A3956D46DE8}") = "PacktLibrary", "PacktLibrary", "{CCC2A1E0-B079-4888-9F4C-A868092DA37D}"
EndProject
Project("{2150E333-8FDC-42A3-9474-1A3956D46DE8}") = "PeopleApp", "PeopleApp", "{E63F2159-7D76-4741-AA5D-B212CE6A4474}"
EndProject
Project("{9A19103F-16F7-4668-BE54-9A1E7A4F7556}") = "PacktLibrary", "PacktLibrary\PacktLibrary.csproj", "{488961A5-4EA1-48DA-B76A-EEF659CFC4B5}"
EndProject
Project("{9A19103F-16F7-4668-BE54-9A1E7A4F7556}") = "PeopleApp", "PeopleApp\PeopleApp.csproj", "{8E24ACFC-D8F8-477F-88A1-E16C902F18F4}"
EndProject
Project("{9A19103F-16F7-4668-BE54-9A1E7A4F7556}") = "NotInUsed", "NotInUsed\NotInUsed.csproj", "{9FE21F9D-B234-455F-93EB-50535814E338}"
EndProject
Project("{2150E333-8FDC-42A3-9474-1A3956D46DE8}") = "Chapter07", "Chapter07", "{CEA4ECFD-C53A-4E2A-B0DD-058908665249}"
EndProject
Project("{2150E333-8FDC-42A3-9474-1A3956D46DE8}") = "AssembliesAndNamespaces", "AssembliesAndNamespaces", "{8C3D755D-31F5-4B51-B668-3AA9CE6197B0}"
EndProject
Project("{9A19103F-16F7-4668-BE54-9A1E7A4F7556}") = "AssembliesAndNamespaces", "AssembliesAndNamespaces\AssembliesAndNamespaces.csproj", "{BE7DD561-45E8-481F-8C7B-95DE5E68A776}"
EndProject
Project("{2150E333-8FDC-42A3-9474-1A3956D46DE8}") = "SharedLibrary", "SharedLibrary", "{BF3ABCC7-450E-4421-A88F-4DA703D3ABB7}"
EndProject
Project("{9A19103F-16F7-4668-BE54-9A1E7A4F7556}") = "SharedLibrary", "SharedLibrary\SharedLibrary.csproj", "{9FDD2E71-0018-41BD-99BC-BD2D48C154C2}"
EndProject
Project("{9A19103F-16F7-4668-BE54-9A1E7A4F7556}") = "DotnetCoreEverywhere", "DotnetCoreEverywhere\DotnetCoreEverywhere.csproj", "{725D2D51-73AD-4F05-BD6C-E34A1FA3D461}"
EndProject
Project("{2150E333-8FDC-42A3-9474-1A3956D46DE8}") = "Chapter08", "Chapter08", "{FCC14600-6BAD-4FC7-A7C3-AB8B6E24B48C}"
EndProject
Project("{9A19103F-16F7-4668-BE54-9A1E7A4F7556}") = "WorkingWithNumbers", "WorkingWithNumbers\WorkingWithNumbers.csproj", "{044365E2-7C20-466F-AB8C-3C32671AA747}"
EndProject
Project("{9A19103F-16F7-4668-BE54-9A1E7A4F7556}") = "WorkingWithText", "WorkingWithText\WorkingWithText.csproj", "{7E38ACE4-F234-4387-8CD8-0E8B07E95E09}"
EndProject
Project("{9A19103F-16F7-4668-BE54-9A1E7A4F7556}") = "WorkingWithRegularExpressions", "WorkingWithRegularExpressions\WorkingWithRegularExpressions.csproj", "{AB5FB095-A868-48E1-BB7B-DBF46382D651}"
EndProject
Project("{9A19103F-16F7-4668-BE54-9A1E7A4F7556}") = "WorkingWithLists", "WorkingWithLists\WorkingWithLists.csproj", "{7193E01C-49A2-458B-8E6D-F7D23F281605}"
EndProject
Project("{9A19103F-16F7-4668-BE54-9A1E7A4F7556}") = "WorkingWithDictionary", "WorkingWithDictionary\WorkingWithDictionary.csproj", "{41F76DC3-C00F-4BBC-8EAF-5E775B2AE6BB}"
EndProject
Project("{9A19103F-16F7-4668-BE54-9A1E7A4F7556}") = "WorkingWithRanges", "WorkingWithRanges\WorkingWithRanges.csproj", "{78B3F005-5463-4122-BA4B-0433154C3697}"
EndProject
Project("{9A19103F-16F7-4668-BE54-9A1E7A4F7556}") = "WorkingWithNetworkResources", "WorkingWithNetworkResources\WorkingWithNetworkResources.csproj", "{BD8351B2-BFAE-488B-B68C-715D2A0BEAF0}"
EndProject
Project("{9A19103F-16F7-4668-BE54-9A1E7A4F7556}") = "WorkingWithReflection", "WorkingWithReflection\WorkingWithReflection.csproj", "{13C90D03-DD51-4A5B-A36E-0BC5C11C08E0}"
EndProject
Project("{9A19103F-16F7-4668-BE54-9A1E7A4F7556}") = "Internationalization", "Internationalization\Internationalization.csproj", "{D7777EDA-E9CE-4257-9799-D6735AA288A5}"
EndProject
Project("{2150E333-8FDC-42A3-9474-1A3956D46DE8}") = "Chapter09", "Chapter09", "{D4B21B25-82E2-4DAD-A432-AC6DA5FB643F}"
EndProject
Project("{9A19103F-16F7-4668-BE54-9A1E7A4F7556}") = "WorkingWithFileSystems", "WorkingWithFileSystems\WorkingWithFileSystems.csproj", "{517645CB-4963-4DFB-9D46-5F7752AF5526}"
EndProject
Project("{9A19103F-16F7-4668-BE54-9A1E7A4F7556}") = "WorkingWithStreams", "WorkingWithStreams\WorkingWithStreams.csproj", "{A9CF968C-EB92-47D5-B205-33FBD89A4356}"
EndProject
Project("{9A19103F-16F7-4668-BE54-9A1E7A4F7556}") = "WorkingWithEncodings", "WorkingWithEncodings\WorkingWithEncodings.csproj", "{655B6394-2BAA-403B-BA20-AD6559F6AC1E}"
EndProject
Project("{9A19103F-16F7-4668-BE54-9A1E7A4F7556}") = "WorkingWithSerialization", "WorkingWithSerialization\WorkingWithSerialization.csproj", "{D175081A-15AE-4818-962F-D8A636BAB9C3}"
EndProject
Project("{9A19103F-16F7-4668-BE54-9A1E7A4F7556}") = "Exercise02", "Exercise02\Exercise02.csproj", "{6566DF83-B64F-4D67-9980-8B18DDAD8520}"
EndProject
Project("{2150E333-8FDC-42A3-9474-1A3956D46DE8}") = "Chapter10", "Chapter10", "{879336EB-67A0-4A84-A2A3-3B9CB26676AF}"
EndProject
Project("{2150E333-8FDC-42A3-9474-1A3956D46DE8}") = "CryptographyLib", "CryptographyLib", "{FABF7302-6443-40B2-8EB7-CFFC174A9BE4}"
EndProject
Project("{2150E333-8FDC-42A3-9474-1A3956D46DE8}") = "EncryptionApp", "EncryptionApp", "{428BEEAF-A4DC-42E4-9D96-0EF503A12038}"
EndProject
Project("{9A19103F-16F7-4668-BE54-9A1E7A4F7556}") = "CryptographyLib", "CryptographyLib\CryptographyLib.csproj", "{57829CDE-04E1-450F-92F7-F3522AA3BEF1}"
EndProject
Project("{9A19103F-16F7-4668-BE54-9A1E7A4F7556}") = "EncryptionApp", "EncryptionApp\EncryptionApp.csproj", "{EAFEAD74-8485-4371-AD1D-4DD5F745C2C0}"
EndProject
Project("{9A19103F-16F7-4668-BE54-9A1E7A4F7556}") = "HashingApp", "HashingApp\HashingApp.csproj", "{778047A7-8911-44FD-BAD8-043DDD08AE09}"
EndProject
Project("{9A19103F-16F7-4668-BE54-9A1E7A4F7556}") = "SigningAPP", "SigningAPP\SigningAPP.csproj", "{F77F013A-AD90-498B-B2BE-5A9B45971DA7}"
EndProject
Project("{9A19103F-16F7-4668-BE54-9A1E7A4F7556}") = "RandomizingAPP", "RandomizingAPP\RandomizingAPP.csproj", "{EA5D155F-8AE4-44F8-9115-2756713ABD52}"
EndProject
Project("{9A19103F-16F7-4668-BE54-9A1E7A4F7556}") = "SecureAPP", "SecureAPP\SecureAPP.csproj", "{17DF53D2-5A30-49FC-BF97-D7C3B0CA1AF7}"
EndProject
Project("{2150E333-8FDC-42A3-9474-1A3956D46DE8}") = "Chapter11", "Chapter11", "{6F04BF1E-340B-4AFE-9911-F2FAADC9CF20}"
EndProject
Project("{2150E333-8FDC-42A3-9474-1A3956D46DE8}") = "WorkingWithEFCore", "WorkingWithEFCore", "{D752D95D-B80A-4624-91C8-195FD72028A8}"
	ProjectSection(SolutionItems) = preProject
		Northwind.sql = Northwind.sql
	EndProjectSection
EndProject
Project("{9A19103F-16F7-4668-BE54-9A1E7A4F7556}") = "WorkingWithEFCore", "WorkingWithEFCore\WorkingWithEFCore.csproj", "{F017E79E-5CE1-4F16-B26E-E2580C999AED}"
EndProject
Project("{2150E333-8FDC-42A3-9474-1A3956D46DE8}") = "Chapter12", "Chapter12", "{19399A10-2351-4F4E-B4CD-2B2E0C8762DE}"
EndProject
Project("{9A19103F-16F7-4668-BE54-9A1E7A4F7556}") = "LinqWithArrayOfStrings", "LinqWithArrayOfStrings\LinqWithArrayOfStrings.csproj", "{8649B2BC-BA36-4C1C-BDCD-0D0E387C2585}"
EndProject
Project("{9A19103F-16F7-4668-BE54-9A1E7A4F7556}") = "LinqWithArrayOfExceptions", "LinqWithArrayOfExceptions\LinqWithArrayOfExceptions.csproj", "{B4D3108B-14CD-4143-9692-7204C6CF379B}"
EndProject
Project("{9A19103F-16F7-4668-BE54-9A1E7A4F7556}") = "LinqWithSets", "LinqWithSets\LinqWithSets.csproj", "{6ACC435D-7ECC-4569-A608-F01E4DCAB9C9}"
EndProject
Project("{9A19103F-16F7-4668-BE54-9A1E7A4F7556}") = "LinqWithEFCore", "LinqWithEFCore\LinqWithEFCore.csproj", "{1EF18148-FE55-478A-B6F8-7724E6A28F82}"
EndProject
Project("{9A19103F-16F7-4668-BE54-9A1E7A4F7556}") = "LinqInParallel", "LinqInParallel\LinqInParallel.csproj", "{46995619-96C8-4ABD-8C10-AB2936CDC3C4}"
EndProject
Project("{2150E333-8FDC-42A3-9474-1A3956D46DE8}") = "Chapter13", "Chapter13", "{E8A50BAB-FEE1-4B05-A5C6-AE3DCF52120E}"
EndProject
Project("{9A19103F-16F7-4668-BE54-9A1E7A4F7556}") = "MonitoringLib", "MonitoringLib\MonitoringLib.csproj", "{088FFEB2-87C9-4465-9DCF-01C2ABF584B7}"
EndProject
Project("{9A19103F-16F7-4668-BE54-9A1E7A4F7556}") = "MonitoringApp", "MonitoringApp\MonitoringApp.csproj", "{4F0C9F80-91BD-4C54-B756-055391A966B9}"
EndProject
Project("{9A19103F-16F7-4668-BE54-9A1E7A4F7556}") = "WorkingWithTasks", "WorkingWithTasks\WorkingWithTasks.csproj", "{4C6FDACE-317F-4BE2-9EE5-0044601715ED}"
EndProject
Project("{9A19103F-16F7-4668-BE54-9A1E7A4F7556}") = "NestedAndChildTasks", "NestedAndChildTasks\NestedAndChildTasks.csproj", "{EBF1617E-5809-4292-B318-9B9F0DDFC93E}"
EndProject
Project("{9A19103F-16F7-4668-BE54-9A1E7A4F7556}") = "SynchronizingResourceAccess", "SynchronizingResourceAccess\SynchronizingResourceAccess.csproj", "{99A8CFC4-AF22-4A70-BB60-53D9D67E741D}"
EndProject
Project("{9A19103F-16F7-4668-BE54-9A1E7A4F7556}") = "AsyncConsole", "AsyncConsole\AsyncConsole.csproj", "{2C3AF4A3-8896-4A0C-8534-84EF4CF978A5}"
EndProject
Project("{9A19103F-16F7-4668-BE54-9A1E7A4F7556}") = "AsyncEnumerable", "AsyncEnumerable\AsyncEnumerable.csproj", "{6F10332B-E27D-4C56-A2CC-E4A92A40815F}"
EndProject
Project("{2150E333-8FDC-42A3-9474-1A3956D46DE8}") = "PracticalApps", "PracticalApps", "{EE204C89-72CD-4AD9-A993-8A7CE0D07170}"
	ProjectSection(SolutionItems) = preProject
		LinqWithEFCore\Northwind.sql = LinqWithEFCore\Northwind.sql
	EndProjectSection
EndProject
Project("{2150E333-8FDC-42A3-9474-1A3956D46DE8}") = "NorthwindEntitiesLib", "NorthwindEntitiesLib", "{CBD0F458-71A3-4297-80A8-1B5BE05A1422}"
EndProject
Project("{9A19103F-16F7-4668-BE54-9A1E7A4F7556}") = "NorthwindEntitiesLib", "NorthwindEntitiesLib\NorthwindEntitiesLib.csproj", "{2BA32792-97E0-45D6-8933-3380ECB2B01B}"
EndProject
Project("{2150E333-8FDC-42A3-9474-1A3956D46DE8}") = "NorthwindContextLib", "NorthwindContextLib", "{837EA9DF-DE2E-4065-B473-DB95AF15B7F2}"
EndProject
Project("{9A19103F-16F7-4668-BE54-9A1E7A4F7556}") = "NorthwindContextLib", "NorthwindContextLib\NorthwindContextLib.csproj", "{2B74DCE7-0391-493E-9159-BF37CE81AE32}"
EndProject
Project("{2150E333-8FDC-42A3-9474-1A3956D46DE8}") = "NorthwindWeb", "NorthwindWeb", "{2186795D-E450-41C4-9AE4-1267BEF2BD7C}"
EndProject
Project("{9A19103F-16F7-4668-BE54-9A1E7A4F7556}") = "NorthwindWeb", "NorthwindWeb\NorthwindWeb.csproj", "{8F6309E1-B0E2-455B-9A04-7E2DBE5660D6}"
EndProject
Project("{2150E333-8FDC-42A3-9474-1A3956D46DE8}") = "wwwroot", "wwwroot", "{E5231A70-EE07-4FF4-8C19-51A813A3A399}"
	ProjectSection(SolutionItems) = preProject
		index.html = index.html
	EndProjectSection
EndProject
Project("{2150E333-8FDC-42A3-9474-1A3956D46DE8}") = "NorthwindEmployees", "NorthwindEmployees", "{002D7EE4-9FC1-411E-A48D-04E6A8F19B89}"
EndProject
Project("{9A19103F-16F7-4668-BE54-9A1E7A4F7556}") = "NorthwindEmployees", "NorthwindEmployees\NorthwindEmployees.csproj", "{E43D99E9-2F59-4D5B-B7F3-EEB9DF5D3EF3}"
EndProject
Project("{2150E333-8FDC-42A3-9474-1A3956D46DE8}") = "NorthwindMvc", "NorthwindMvc", "{26F36E61-35CC-47D9-89F6-63415A6A9550}"
EndProject
Project("{9A19103F-16F7-4668-BE54-9A1E7A4F7556}") = "NorthwindMvc", "NorthwindMvc\NorthwindMvc.csproj", "{681CCCC9-827C-4DD7-ADD2-0B7709E76FE6}"
EndProject
Project("{2150E333-8FDC-42A3-9474-1A3956D46DE8}") = "NorthwindCms", "NorthwindCms", "{DE5D3A8F-06D4-4E00-A7DE-B1A50F365BE6}"
EndProject
Project("{9A19103F-16F7-4668-BE54-9A1E7A4F7556}") = "NorthwindCms", "..\..\..\cs8dotnetcore3-master\cs8dotnetcore3-master\PracticalApps\NorthwindCms\NorthwindCms.csproj", "{A9C6EEF6-69FB-497F-8402-4EF06AE02D03}"
EndProject
Project("{2150E333-8FDC-42A3-9474-1A3956D46DE8}") = "NorthwindService", "NorthwindService", "{2F52484B-734F-4465-9828-4C164D5EF083}"
EndProject
Project("{9A19103F-16F7-4668-BE54-9A1E7A4F7556}") = "NorthwindService", "NorthwindService\NorthwindService.csproj", "{6C4B07EC-AA07-4ADD-ABAA-E57A04B1D071}"
EndProject
Project("{2150E333-8FDC-42A3-9474-1A3956D46DE8}") = "RestClientTests", "RestClientTests", "{F6A8255D-A576-44CE-83CA-2B99E34070EE}"
	ProjectSection(SolutionItems) = preProject
		get-customers.http = get-customers.http
	EndProjectSection
EndProject
Project("{2150E333-8FDC-42A3-9474-1A3956D46DE8}") = "NorthwindML", "NorthwindML", "{10B3D874-6FDB-482C-9EB1-D22953F0F601}"
EndProject
Project("{FAE04EC0-301F-11D3-BF4B-00C04F79EFBC}") = "NorthwindML", "NorthwindML\NorthwindML.csproj", "{EEDB4F77-51E2-476B-93DE-A2041ADC568B}"
EndProject
Global
	GlobalSection(SolutionConfigurationPlatforms) = preSolution
		Debug|Any CPU = Debug|Any CPU
		Release|Any CPU = Release|Any CPU
	EndGlobalSection
	GlobalSection(ProjectConfigurationPlatforms) = postSolution
		{A429AAD1-6413-4AFA-984E-229762E60B8E}.Debug|Any CPU.ActiveCfg = Debug|Any CPU
		{A429AAD1-6413-4AFA-984E-229762E60B8E}.Debug|Any CPU.Build.0 = Debug|Any CPU
		{A429AAD1-6413-4AFA-984E-229762E60B8E}.Release|Any CPU.ActiveCfg = Release|Any CPU
		{A429AAD1-6413-4AFA-984E-229762E60B8E}.Release|Any CPU.Build.0 = Release|Any CPU
		{488961A5-4EA1-48DA-B76A-EEF659CFC4B5}.Debug|Any CPU.ActiveCfg = Debug|Any CPU
		{488961A5-4EA1-48DA-B76A-EEF659CFC4B5}.Debug|Any CPU.Build.0 = Debug|Any CPU
		{488961A5-4EA1-48DA-B76A-EEF659CFC4B5}.Release|Any CPU.ActiveCfg = Release|Any CPU
		{488961A5-4EA1-48DA-B76A-EEF659CFC4B5}.Release|Any CPU.Build.0 = Release|Any CPU
		{8E24ACFC-D8F8-477F-88A1-E16C902F18F4}.Debug|Any CPU.ActiveCfg = Debug|Any CPU
		{8E24ACFC-D8F8-477F-88A1-E16C902F18F4}.Debug|Any CPU.Build.0 = Debug|Any CPU
		{8E24ACFC-D8F8-477F-88A1-E16C902F18F4}.Release|Any CPU.ActiveCfg = Release|Any CPU
		{8E24ACFC-D8F8-477F-88A1-E16C902F18F4}.Release|Any CPU.Build.0 = Release|Any CPU
		{9FE21F9D-B234-455F-93EB-50535814E338}.Debug|Any CPU.ActiveCfg = Debug|Any CPU
		{9FE21F9D-B234-455F-93EB-50535814E338}.Debug|Any CPU.Build.0 = Debug|Any CPU
		{9FE21F9D-B234-455F-93EB-50535814E338}.Release|Any CPU.ActiveCfg = Release|Any CPU
		{9FE21F9D-B234-455F-93EB-50535814E338}.Release|Any CPU.Build.0 = Release|Any CPU
		{BE7DD561-45E8-481F-8C7B-95DE5E68A776}.Debug|Any CPU.ActiveCfg = Debug|Any CPU
		{BE7DD561-45E8-481F-8C7B-95DE5E68A776}.Debug|Any CPU.Build.0 = Debug|Any CPU
		{BE7DD561-45E8-481F-8C7B-95DE5E68A776}.Release|Any CPU.ActiveCfg = Release|Any CPU
		{BE7DD561-45E8-481F-8C7B-95DE5E68A776}.Release|Any CPU.Build.0 = Release|Any CPU
		{9FDD2E71-0018-41BD-99BC-BD2D48C154C2}.Debug|Any CPU.ActiveCfg = Debug|Any CPU
		{9FDD2E71-0018-41BD-99BC-BD2D48C154C2}.Debug|Any CPU.Build.0 = Debug|Any CPU
		{9FDD2E71-0018-41BD-99BC-BD2D48C154C2}.Release|Any CPU.ActiveCfg = Release|Any CPU
		{9FDD2E71-0018-41BD-99BC-BD2D48C154C2}.Release|Any CPU.Build.0 = Release|Any CPU
		{725D2D51-73AD-4F05-BD6C-E34A1FA3D461}.Debug|Any CPU.ActiveCfg = Debug|Any CPU
		{725D2D51-73AD-4F05-BD6C-E34A1FA3D461}.Debug|Any CPU.Build.0 = Debug|Any CPU
		{725D2D51-73AD-4F05-BD6C-E34A1FA3D461}.Release|Any CPU.ActiveCfg = Release|Any CPU
		{725D2D51-73AD-4F05-BD6C-E34A1FA3D461}.Release|Any CPU.Build.0 = Release|Any CPU
		{044365E2-7C20-466F-AB8C-3C32671AA747}.Debug|Any CPU.ActiveCfg = Debug|Any CPU
		{044365E2-7C20-466F-AB8C-3C32671AA747}.Debug|Any CPU.Build.0 = Debug|Any CPU
		{044365E2-7C20-466F-AB8C-3C32671AA747}.Release|Any CPU.ActiveCfg = Release|Any CPU
		{044365E2-7C20-466F-AB8C-3C32671AA747}.Release|Any CPU.Build.0 = Release|Any CPU
		{7E38ACE4-F234-4387-8CD8-0E8B07E95E09}.Debug|Any CPU.ActiveCfg = Debug|Any CPU
		{7E38ACE4-F234-4387-8CD8-0E8B07E95E09}.Debug|Any CPU.Build.0 = Debug|Any CPU
		{7E38ACE4-F234-4387-8CD8-0E8B07E95E09}.Release|Any CPU.ActiveCfg = Release|Any CPU
		{7E38ACE4-F234-4387-8CD8-0E8B07E95E09}.Release|Any CPU.Build.0 = Release|Any CPU
		{AB5FB095-A868-48E1-BB7B-DBF46382D651}.Debug|Any CPU.ActiveCfg = Debug|Any CPU
		{AB5FB095-A868-48E1-BB7B-DBF46382D651}.Debug|Any CPU.Build.0 = Debug|Any CPU
		{AB5FB095-A868-48E1-BB7B-DBF46382D651}.Release|Any CPU.ActiveCfg = Release|Any CPU
		{AB5FB095-A868-48E1-BB7B-DBF46382D651}.Release|Any CPU.Build.0 = Release|Any CPU
		{7193E01C-49A2-458B-8E6D-F7D23F281605}.Debug|Any CPU.ActiveCfg = Debug|Any CPU
		{7193E01C-49A2-458B-8E6D-F7D23F281605}.Debug|Any CPU.Build.0 = Debug|Any CPU
		{7193E01C-49A2-458B-8E6D-F7D23F281605}.Release|Any CPU.ActiveCfg = Release|Any CPU
		{7193E01C-49A2-458B-8E6D-F7D23F281605}.Release|Any CPU.Build.0 = Release|Any CPU
		{41F76DC3-C00F-4BBC-8EAF-5E775B2AE6BB}.Debug|Any CPU.ActiveCfg = Debug|Any CPU
		{41F76DC3-C00F-4BBC-8EAF-5E775B2AE6BB}.Debug|Any CPU.Build.0 = Debug|Any CPU
		{41F76DC3-C00F-4BBC-8EAF-5E775B2AE6BB}.Release|Any CPU.ActiveCfg = Release|Any CPU
		{41F76DC3-C00F-4BBC-8EAF-5E775B2AE6BB}.Release|Any CPU.Build.0 = Release|Any CPU
		{78B3F005-5463-4122-BA4B-0433154C3697}.Debug|Any CPU.ActiveCfg = Debug|Any CPU
		{78B3F005-5463-4122-BA4B-0433154C3697}.Debug|Any CPU.Build.0 = Debug|Any CPU
		{78B3F005-5463-4122-BA4B-0433154C3697}.Release|Any CPU.ActiveCfg = Release|Any CPU
		{78B3F005-5463-4122-BA4B-0433154C3697}.Release|Any CPU.Build.0 = Release|Any CPU
		{BD8351B2-BFAE-488B-B68C-715D2A0BEAF0}.Debug|Any CPU.ActiveCfg = Debug|Any CPU
		{BD8351B2-BFAE-488B-B68C-715D2A0BEAF0}.Debug|Any CPU.Build.0 = Debug|Any CPU
		{BD8351B2-BFAE-488B-B68C-715D2A0BEAF0}.Release|Any CPU.ActiveCfg = Release|Any CPU
		{BD8351B2-BFAE-488B-B68C-715D2A0BEAF0}.Release|Any CPU.Build.0 = Release|Any CPU
		{13C90D03-DD51-4A5B-A36E-0BC5C11C08E0}.Debug|Any CPU.ActiveCfg = Debug|Any CPU
		{13C90D03-DD51-4A5B-A36E-0BC5C11C08E0}.Debug|Any CPU.Build.0 = Debug|Any CPU
		{13C90D03-DD51-4A5B-A36E-0BC5C11C08E0}.Release|Any CPU.ActiveCfg = Release|Any CPU
		{13C90D03-DD51-4A5B-A36E-0BC5C11C08E0}.Release|Any CPU.Build.0 = Release|Any CPU
		{D7777EDA-E9CE-4257-9799-D6735AA288A5}.Debug|Any CPU.ActiveCfg = Debug|Any CPU
		{D7777EDA-E9CE-4257-9799-D6735AA288A5}.Debug|Any CPU.Build.0 = Debug|Any CPU
		{D7777EDA-E9CE-4257-9799-D6735AA288A5}.Release|Any CPU.ActiveCfg = Release|Any CPU
		{D7777EDA-E9CE-4257-9799-D6735AA288A5}.Release|Any CPU.Build.0 = Release|Any CPU
		{517645CB-4963-4DFB-9D46-5F7752AF5526}.Debug|Any CPU.ActiveCfg = Debug|Any CPU
		{517645CB-4963-4DFB-9D46-5F7752AF5526}.Debug|Any CPU.Build.0 = Debug|Any CPU
		{517645CB-4963-4DFB-9D46-5F7752AF5526}.Release|Any CPU.ActiveCfg = Release|Any CPU
		{517645CB-4963-4DFB-9D46-5F7752AF5526}.Release|Any CPU.Build.0 = Release|Any CPU
		{A9CF968C-EB92-47D5-B205-33FBD89A4356}.Debug|Any CPU.ActiveCfg = Debug|Any CPU
		{A9CF968C-EB92-47D5-B205-33FBD89A4356}.Debug|Any CPU.Build.0 = Debug|Any CPU
		{A9CF968C-EB92-47D5-B205-33FBD89A4356}.Release|Any CPU.ActiveCfg = Release|Any CPU
		{A9CF968C-EB92-47D5-B205-33FBD89A4356}.Release|Any CPU.Build.0 = Release|Any CPU
		{655B6394-2BAA-403B-BA20-AD6559F6AC1E}.Debug|Any CPU.ActiveCfg = Debug|Any CPU
		{655B6394-2BAA-403B-BA20-AD6559F6AC1E}.Debug|Any CPU.Build.0 = Debug|Any CPU
		{655B6394-2BAA-403B-BA20-AD6559F6AC1E}.Release|Any CPU.ActiveCfg = Release|Any CPU
		{655B6394-2BAA-403B-BA20-AD6559F6AC1E}.Release|Any CPU.Build.0 = Release|Any CPU
		{D175081A-15AE-4818-962F-D8A636BAB9C3}.Debug|Any CPU.ActiveCfg = Debug|Any CPU
		{D175081A-15AE-4818-962F-D8A636BAB9C3}.Debug|Any CPU.Build.0 = Debug|Any CPU
		{D175081A-15AE-4818-962F-D8A636BAB9C3}.Release|Any CPU.ActiveCfg = Release|Any CPU
		{D175081A-15AE-4818-962F-D8A636BAB9C3}.Release|Any CPU.Build.0 = Release|Any CPU
		{6566DF83-B64F-4D67-9980-8B18DDAD8520}.Debug|Any CPU.ActiveCfg = Debug|Any CPU
		{6566DF83-B64F-4D67-9980-8B18DDAD8520}.Debug|Any CPU.Build.0 = Debug|Any CPU
		{6566DF83-B64F-4D67-9980-8B18DDAD8520}.Release|Any CPU.ActiveCfg = Release|Any CPU
		{6566DF83-B64F-4D67-9980-8B18DDAD8520}.Release|Any CPU.Build.0 = Release|Any CPU
		{57829CDE-04E1-450F-92F7-F3522AA3BEF1}.Debug|Any CPU.ActiveCfg = Debug|Any CPU
		{57829CDE-04E1-450F-92F7-F3522AA3BEF1}.Debug|Any CPU.Build.0 = Debug|Any CPU
		{57829CDE-04E1-450F-92F7-F3522AA3BEF1}.Release|Any CPU.ActiveCfg = Release|Any CPU
		{57829CDE-04E1-450F-92F7-F3522AA3BEF1}.Release|Any CPU.Build.0 = Release|Any CPU
		{EAFEAD74-8485-4371-AD1D-4DD5F745C2C0}.Debug|Any CPU.ActiveCfg = Debug|Any CPU
		{EAFEAD74-8485-4371-AD1D-4DD5F745C2C0}.Debug|Any CPU.Build.0 = Debug|Any CPU
		{EAFEAD74-8485-4371-AD1D-4DD5F745C2C0}.Release|Any CPU.ActiveCfg = Release|Any CPU
		{EAFEAD74-8485-4371-AD1D-4DD5F745C2C0}.Release|Any CPU.Build.0 = Release|Any CPU
		{778047A7-8911-44FD-BAD8-043DDD08AE09}.Debug|Any CPU.ActiveCfg = Debug|Any CPU
		{778047A7-8911-44FD-BAD8-043DDD08AE09}.Debug|Any CPU.Build.0 = Debug|Any CPU
		{778047A7-8911-44FD-BAD8-043DDD08AE09}.Release|Any CPU.ActiveCfg = Release|Any CPU
		{778047A7-8911-44FD-BAD8-043DDD08AE09}.Release|Any CPU.Build.0 = Release|Any CPU
		{F77F013A-AD90-498B-B2BE-5A9B45971DA7}.Debug|Any CPU.ActiveCfg = Debug|Any CPU
		{F77F013A-AD90-498B-B2BE-5A9B45971DA7}.Debug|Any CPU.Build.0 = Debug|Any CPU
		{F77F013A-AD90-498B-B2BE-5A9B45971DA7}.Release|Any CPU.ActiveCfg = Release|Any CPU
		{F77F013A-AD90-498B-B2BE-5A9B45971DA7}.Release|Any CPU.Build.0 = Release|Any CPU
		{EA5D155F-8AE4-44F8-9115-2756713ABD52}.Debug|Any CPU.ActiveCfg = Debug|Any CPU
		{EA5D155F-8AE4-44F8-9115-2756713ABD52}.Debug|Any CPU.Build.0 = Debug|Any CPU
		{EA5D155F-8AE4-44F8-9115-2756713ABD52}.Release|Any CPU.ActiveCfg = Release|Any CPU
		{EA5D155F-8AE4-44F8-9115-2756713ABD52}.Release|Any CPU.Build.0 = Release|Any CPU
		{17DF53D2-5A30-49FC-BF97-D7C3B0CA1AF7}.Debug|Any CPU.ActiveCfg = Debug|Any CPU
		{17DF53D2-5A30-49FC-BF97-D7C3B0CA1AF7}.Debug|Any CPU.Build.0 = Debug|Any CPU
		{17DF53D2-5A30-49FC-BF97-D7C3B0CA1AF7}.Release|Any CPU.ActiveCfg = Release|Any CPU
		{17DF53D2-5A30-49FC-BF97-D7C3B0CA1AF7}.Release|Any CPU.Build.0 = Release|Any CPU
		{F017E79E-5CE1-4F16-B26E-E2580C999AED}.Debug|Any CPU.ActiveCfg = Debug|Any CPU
		{F017E79E-5CE1-4F16-B26E-E2580C999AED}.Debug|Any CPU.Build.0 = Debug|Any CPU
		{F017E79E-5CE1-4F16-B26E-E2580C999AED}.Release|Any CPU.ActiveCfg = Release|Any CPU
		{F017E79E-5CE1-4F16-B26E-E2580C999AED}.Release|Any CPU.Build.0 = Release|Any CPU
		{8649B2BC-BA36-4C1C-BDCD-0D0E387C2585}.Debug|Any CPU.ActiveCfg = Debug|Any CPU
		{8649B2BC-BA36-4C1C-BDCD-0D0E387C2585}.Debug|Any CPU.Build.0 = Debug|Any CPU
		{8649B2BC-BA36-4C1C-BDCD-0D0E387C2585}.Release|Any CPU.ActiveCfg = Release|Any CPU
		{8649B2BC-BA36-4C1C-BDCD-0D0E387C2585}.Release|Any CPU.Build.0 = Release|Any CPU
		{B4D3108B-14CD-4143-9692-7204C6CF379B}.Debug|Any CPU.ActiveCfg = Debug|Any CPU
		{B4D3108B-14CD-4143-9692-7204C6CF379B}.Debug|Any CPU.Build.0 = Debug|Any CPU
		{B4D3108B-14CD-4143-9692-7204C6CF379B}.Release|Any CPU.ActiveCfg = Release|Any CPU
		{B4D3108B-14CD-4143-9692-7204C6CF379B}.Release|Any CPU.Build.0 = Release|Any CPU
		{6ACC435D-7ECC-4569-A608-F01E4DCAB9C9}.Debug|Any CPU.ActiveCfg = Debug|Any CPU
		{6ACC435D-7ECC-4569-A608-F01E4DCAB9C9}.Debug|Any CPU.Build.0 = Debug|Any CPU
		{6ACC435D-7ECC-4569-A608-F01E4DCAB9C9}.Release|Any CPU.ActiveCfg = Release|Any CPU
		{6ACC435D-7ECC-4569-A608-F01E4DCAB9C9}.Release|Any CPU.Build.0 = Release|Any CPU
		{1EF18148-FE55-478A-B6F8-7724E6A28F82}.Debug|Any CPU.ActiveCfg = Debug|Any CPU
		{1EF18148-FE55-478A-B6F8-7724E6A28F82}.Debug|Any CPU.Build.0 = Debug|Any CPU
		{1EF18148-FE55-478A-B6F8-7724E6A28F82}.Release|Any CPU.ActiveCfg = Release|Any CPU
		{1EF18148-FE55-478A-B6F8-7724E6A28F82}.Release|Any CPU.Build.0 = Release|Any CPU
		{46995619-96C8-4ABD-8C10-AB2936CDC3C4}.Debug|Any CPU.ActiveCfg = Debug|Any CPU
		{46995619-96C8-4ABD-8C10-AB2936CDC3C4}.Debug|Any CPU.Build.0 = Debug|Any CPU
		{46995619-96C8-4ABD-8C10-AB2936CDC3C4}.Release|Any CPU.ActiveCfg = Release|Any CPU
		{46995619-96C8-4ABD-8C10-AB2936CDC3C4}.Release|Any CPU.Build.0 = Release|Any CPU
		{088FFEB2-87C9-4465-9DCF-01C2ABF584B7}.Debug|Any CPU.ActiveCfg = Debug|Any CPU
		{088FFEB2-87C9-4465-9DCF-01C2ABF584B7}.Debug|Any CPU.Build.0 = Debug|Any CPU
		{088FFEB2-87C9-4465-9DCF-01C2ABF584B7}.Release|Any CPU.ActiveCfg = Release|Any CPU
		{088FFEB2-87C9-4465-9DCF-01C2ABF584B7}.Release|Any CPU.Build.0 = Release|Any CPU
		{4F0C9F80-91BD-4C54-B756-055391A966B9}.Debug|Any CPU.ActiveCfg = Debug|Any CPU
		{4F0C9F80-91BD-4C54-B756-055391A966B9}.Debug|Any CPU.Build.0 = Debug|Any CPU
		{4F0C9F80-91BD-4C54-B756-055391A966B9}.Release|Any CPU.ActiveCfg = Release|Any CPU
		{4F0C9F80-91BD-4C54-B756-055391A966B9}.Release|Any CPU.Build.0 = Release|Any CPU
		{4C6FDACE-317F-4BE2-9EE5-0044601715ED}.Debug|Any CPU.ActiveCfg = Debug|Any CPU
		{4C6FDACE-317F-4BE2-9EE5-0044601715ED}.Debug|Any CPU.Build.0 = Debug|Any CPU
		{4C6FDACE-317F-4BE2-9EE5-0044601715ED}.Release|Any CPU.ActiveCfg = Release|Any CPU
		{4C6FDACE-317F-4BE2-9EE5-0044601715ED}.Release|Any CPU.Build.0 = Release|Any CPU
		{EBF1617E-5809-4292-B318-9B9F0DDFC93E}.Debug|Any CPU.ActiveCfg = Debug|Any CPU
		{EBF1617E-5809-4292-B318-9B9F0DDFC93E}.Debug|Any CPU.Build.0 = Debug|Any CPU
		{EBF1617E-5809-4292-B318-9B9F0DDFC93E}.Release|Any CPU.ActiveCfg = Release|Any CPU
		{EBF1617E-5809-4292-B318-9B9F0DDFC93E}.Release|Any CPU.Build.0 = Release|Any CPU
		{99A8CFC4-AF22-4A70-BB60-53D9D67E741D}.Debug|Any CPU.ActiveCfg = Debug|Any CPU
		{99A8CFC4-AF22-4A70-BB60-53D9D67E741D}.Debug|Any CPU.Build.0 = Debug|Any CPU
		{99A8CFC4-AF22-4A70-BB60-53D9D67E741D}.Release|Any CPU.ActiveCfg = Release|Any CPU
		{99A8CFC4-AF22-4A70-BB60-53D9D67E741D}.Release|Any CPU.Build.0 = Release|Any CPU
		{2C3AF4A3-8896-4A0C-8534-84EF4CF978A5}.Debug|Any CPU.ActiveCfg = Debug|Any CPU
		{2C3AF4A3-8896-4A0C-8534-84EF4CF978A5}.Debug|Any CPU.Build.0 = Debug|Any CPU
		{2C3AF4A3-8896-4A0C-8534-84EF4CF978A5}.Release|Any CPU.ActiveCfg = Release|Any CPU
		{2C3AF4A3-8896-4A0C-8534-84EF4CF978A5}.Release|Any CPU.Build.0 = Release|Any CPU
		{6F10332B-E27D-4C56-A2CC-E4A92A40815F}.Debug|Any CPU.ActiveCfg = Debug|Any CPU
		{6F10332B-E27D-4C56-A2CC-E4A92A40815F}.Debug|Any CPU.Build.0 = Debug|Any CPU
		{6F10332B-E27D-4C56-A2CC-E4A92A40815F}.Release|Any CPU.ActiveCfg = Release|Any CPU
		{6F10332B-E27D-4C56-A2CC-E4A92A40815F}.Release|Any CPU.Build.0 = Release|Any CPU
		{2BA32792-97E0-45D6-8933-3380ECB2B01B}.Debug|Any CPU.ActiveCfg = Debug|Any CPU
		{2BA32792-97E0-45D6-8933-3380ECB2B01B}.Debug|Any CPU.Build.0 = Debug|Any CPU
		{2BA32792-97E0-45D6-8933-3380ECB2B01B}.Release|Any CPU.ActiveCfg = Release|Any CPU
		{2BA32792-97E0-45D6-8933-3380ECB2B01B}.Release|Any CPU.Build.0 = Release|Any CPU
		{2B74DCE7-0391-493E-9159-BF37CE81AE32}.Debug|Any CPU.ActiveCfg = Debug|Any CPU
		{2B74DCE7-0391-493E-9159-BF37CE81AE32}.Debug|Any CPU.Build.0 = Debug|Any CPU
		{2B74DCE7-0391-493E-9159-BF37CE81AE32}.Release|Any CPU.ActiveCfg = Release|Any CPU
		{2B74DCE7-0391-493E-9159-BF37CE81AE32}.Release|Any CPU.Build.0 = Release|Any CPU
		{8F6309E1-B0E2-455B-9A04-7E2DBE5660D6}.Debug|Any CPU.ActiveCfg = Debug|Any CPU
		{8F6309E1-B0E2-455B-9A04-7E2DBE5660D6}.Debug|Any CPU.Build.0 = Debug|Any CPU
		{8F6309E1-B0E2-455B-9A04-7E2DBE5660D6}.Release|Any CPU.ActiveCfg = Release|Any CPU
		{8F6309E1-B0E2-455B-9A04-7E2DBE5660D6}.Release|Any CPU.Build.0 = Release|Any CPU
		{E43D99E9-2F59-4D5B-B7F3-EEB9DF5D3EF3}.Debug|Any CPU.ActiveCfg = Debug|Any CPU
		{E43D99E9-2F59-4D5B-B7F3-EEB9DF5D3EF3}.Debug|Any CPU.Build.0 = Debug|Any CPU
		{E43D99E9-2F59-4D5B-B7F3-EEB9DF5D3EF3}.Release|Any CPU.ActiveCfg = Release|Any CPU
		{E43D99E9-2F59-4D5B-B7F3-EEB9DF5D3EF3}.Release|Any CPU.Build.0 = Release|Any CPU
		{681CCCC9-827C-4DD7-ADD2-0B7709E76FE6}.Debug|Any CPU.ActiveCfg = Debug|Any CPU
		{681CCCC9-827C-4DD7-ADD2-0B7709E76FE6}.Debug|Any CPU.Build.0 = Debug|Any CPU
		{681CCCC9-827C-4DD7-ADD2-0B7709E76FE6}.Release|Any CPU.ActiveCfg = Release|Any CPU
		{681CCCC9-827C-4DD7-ADD2-0B7709E76FE6}.Release|Any CPU.Build.0 = Release|Any CPU
		{A9C6EEF6-69FB-497F-8402-4EF06AE02D03}.Debug|Any CPU.ActiveCfg = Debug|Any CPU
		{A9C6EEF6-69FB-497F-8402-4EF06AE02D03}.Debug|Any CPU.Build.0 = Debug|Any CPU
		{A9C6EEF6-69FB-497F-8402-4EF06AE02D03}.Release|Any CPU.ActiveCfg = Release|Any CPU
		{A9C6EEF6-69FB-497F-8402-4EF06AE02D03}.Release|Any CPU.Build.0 = Release|Any CPU
		{6C4B07EC-AA07-4ADD-ABAA-E57A04B1D071}.Debug|Any CPU.ActiveCfg = Debug|Any CPU
		{6C4B07EC-AA07-4ADD-ABAA-E57A04B1D071}.Debug|Any CPU.Build.0 = Debug|Any CPU
		{6C4B07EC-AA07-4ADD-ABAA-E57A04B1D071}.Release|Any CPU.ActiveCfg = Release|Any CPU
		{6C4B07EC-AA07-4ADD-ABAA-E57A04B1D071}.Release|Any CPU.Build.0 = Release|Any CPU
		{EEDB4F77-51E2-476B-93DE-A2041ADC568B}.Debug|Any CPU.ActiveCfg = Debug|Any CPU
		{EEDB4F77-51E2-476B-93DE-A2041ADC568B}.Debug|Any CPU.Build.0 = Debug|Any CPU
		{EEDB4F77-51E2-476B-93DE-A2041ADC568B}.Release|Any CPU.ActiveCfg = Release|Any CPU
		{EEDB4F77-51E2-476B-93DE-A2041ADC568B}.Release|Any CPU.Build.0 = Release|Any CPU
	EndGlobalSection
	GlobalSection(SolutionProperties) = preSolution
		HideSolutionNode = FALSE
	EndGlobalSection
	GlobalSection(NestedProjects) = preSolution
		{488961A5-4EA1-48DA-B76A-EEF659CFC4B5} = {CCC2A1E0-B079-4888-9F4C-A868092DA37D}
		{8E24ACFC-D8F8-477F-88A1-E16C902F18F4} = {E63F2159-7D76-4741-AA5D-B212CE6A4474}
		{8C3D755D-31F5-4B51-B668-3AA9CE6197B0} = {CEA4ECFD-C53A-4E2A-B0DD-058908665249}
		{BE7DD561-45E8-481F-8C7B-95DE5E68A776} = {8C3D755D-31F5-4B51-B668-3AA9CE6197B0}
		{BF3ABCC7-450E-4421-A88F-4DA703D3ABB7} = {CEA4ECFD-C53A-4E2A-B0DD-058908665249}
		{9FDD2E71-0018-41BD-99BC-BD2D48C154C2} = {BF3ABCC7-450E-4421-A88F-4DA703D3ABB7}
		{725D2D51-73AD-4F05-BD6C-E34A1FA3D461} = {CEA4ECFD-C53A-4E2A-B0DD-058908665249}
		{044365E2-7C20-466F-AB8C-3C32671AA747} = {FCC14600-6BAD-4FC7-A7C3-AB8B6E24B48C}
		{7E38ACE4-F234-4387-8CD8-0E8B07E95E09} = {FCC14600-6BAD-4FC7-A7C3-AB8B6E24B48C}
		{AB5FB095-A868-48E1-BB7B-DBF46382D651} = {FCC14600-6BAD-4FC7-A7C3-AB8B6E24B48C}
		{7193E01C-49A2-458B-8E6D-F7D23F281605} = {FCC14600-6BAD-4FC7-A7C3-AB8B6E24B48C}
		{41F76DC3-C00F-4BBC-8EAF-5E775B2AE6BB} = {FCC14600-6BAD-4FC7-A7C3-AB8B6E24B48C}
		{78B3F005-5463-4122-BA4B-0433154C3697} = {FCC14600-6BAD-4FC7-A7C3-AB8B6E24B48C}
		{BD8351B2-BFAE-488B-B68C-715D2A0BEAF0} = {FCC14600-6BAD-4FC7-A7C3-AB8B6E24B48C}
		{13C90D03-DD51-4A5B-A36E-0BC5C11C08E0} = {FCC14600-6BAD-4FC7-A7C3-AB8B6E24B48C}
		{D7777EDA-E9CE-4257-9799-D6735AA288A5} = {FCC14600-6BAD-4FC7-A7C3-AB8B6E24B48C}
		{517645CB-4963-4DFB-9D46-5F7752AF5526} = {D4B21B25-82E2-4DAD-A432-AC6DA5FB643F}
		{A9CF968C-EB92-47D5-B205-33FBD89A4356} = {D4B21B25-82E2-4DAD-A432-AC6DA5FB643F}
		{655B6394-2BAA-403B-BA20-AD6559F6AC1E} = {D4B21B25-82E2-4DAD-A432-AC6DA5FB643F}
		{D175081A-15AE-4818-962F-D8A636BAB9C3} = {D4B21B25-82E2-4DAD-A432-AC6DA5FB643F}
		{6566DF83-B64F-4D67-9980-8B18DDAD8520} = {D4B21B25-82E2-4DAD-A432-AC6DA5FB643F}
		{FABF7302-6443-40B2-8EB7-CFFC174A9BE4} = {879336EB-67A0-4A84-A2A3-3B9CB26676AF}
		{428BEEAF-A4DC-42E4-9D96-0EF503A12038} = {879336EB-67A0-4A84-A2A3-3B9CB26676AF}
		{57829CDE-04E1-450F-92F7-F3522AA3BEF1} = {FABF7302-6443-40B2-8EB7-CFFC174A9BE4}
		{EAFEAD74-8485-4371-AD1D-4DD5F745C2C0} = {428BEEAF-A4DC-42E4-9D96-0EF503A12038}
		{778047A7-8911-44FD-BAD8-043DDD08AE09} = {428BEEAF-A4DC-42E4-9D96-0EF503A12038}
		{F77F013A-AD90-498B-B2BE-5A9B45971DA7} = {428BEEAF-A4DC-42E4-9D96-0EF503A12038}
		{EA5D155F-8AE4-44F8-9115-2756713ABD52} = {428BEEAF-A4DC-42E4-9D96-0EF503A12038}
		{17DF53D2-5A30-49FC-BF97-D7C3B0CA1AF7} = {428BEEAF-A4DC-42E4-9D96-0EF503A12038}
		{D752D95D-B80A-4624-91C8-195FD72028A8} = {6F04BF1E-340B-4AFE-9911-F2FAADC9CF20}
		{F017E79E-5CE1-4F16-B26E-E2580C999AED} = {D752D95D-B80A-4624-91C8-195FD72028A8}
		{8649B2BC-BA36-4C1C-BDCD-0D0E387C2585} = {19399A10-2351-4F4E-B4CD-2B2E0C8762DE}
		{B4D3108B-14CD-4143-9692-7204C6CF379B} = {19399A10-2351-4F4E-B4CD-2B2E0C8762DE}
		{6ACC435D-7ECC-4569-A608-F01E4DCAB9C9} = {19399A10-2351-4F4E-B4CD-2B2E0C8762DE}
		{1EF18148-FE55-478A-B6F8-7724E6A28F82} = {19399A10-2351-4F4E-B4CD-2B2E0C8762DE}
		{46995619-96C8-4ABD-8C10-AB2936CDC3C4} = {19399A10-2351-4F4E-B4CD-2B2E0C8762DE}
		{088FFEB2-87C9-4465-9DCF-01C2ABF584B7} = {E8A50BAB-FEE1-4B05-A5C6-AE3DCF52120E}
		{4F0C9F80-91BD-4C54-B756-055391A966B9} = {E8A50BAB-FEE1-4B05-A5C6-AE3DCF52120E}
		{4C6FDACE-317F-4BE2-9EE5-0044601715ED} = {E8A50BAB-FEE1-4B05-A5C6-AE3DCF52120E}
		{EBF1617E-5809-4292-B318-9B9F0DDFC93E} = {E8A50BAB-FEE1-4B05-A5C6-AE3DCF52120E}
		{99A8CFC4-AF22-4A70-BB60-53D9D67E741D} = {E8A50BAB-FEE1-4B05-A5C6-AE3DCF52120E}
		{2C3AF4A3-8896-4A0C-8534-84EF4CF978A5} = {E8A50BAB-FEE1-4B05-A5C6-AE3DCF52120E}
		{6F10332B-E27D-4C56-A2CC-E4A92A40815F} = {E8A50BAB-FEE1-4B05-A5C6-AE3DCF52120E}
		{CBD0F458-71A3-4297-80A8-1B5BE05A1422} = {EE204C89-72CD-4AD9-A993-8A7CE0D07170}
		{2BA32792-97E0-45D6-8933-3380ECB2B01B} = {CBD0F458-71A3-4297-80A8-1B5BE05A1422}
		{837EA9DF-DE2E-4065-B473-DB95AF15B7F2} = {EE204C89-72CD-4AD9-A993-8A7CE0D07170}
		{2B74DCE7-0391-493E-9159-BF37CE81AE32} = {837EA9DF-DE2E-4065-B473-DB95AF15B7F2}
		{2186795D-E450-41C4-9AE4-1267BEF2BD7C} = {EE204C89-72CD-4AD9-A993-8A7CE0D07170}
		{8F6309E1-B0E2-455B-9A04-7E2DBE5660D6} = {2186795D-E450-41C4-9AE4-1267BEF2BD7C}
		{E5231A70-EE07-4FF4-8C19-51A813A3A399} = {2186795D-E450-41C4-9AE4-1267BEF2BD7C}
		{002D7EE4-9FC1-411E-A48D-04E6A8F19B89} = {EE204C89-72CD-4AD9-A993-8A7CE0D07170}
		{E43D99E9-2F59-4D5B-B7F3-EEB9DF5D3EF3} = {002D7EE4-9FC1-411E-A48D-04E6A8F19B89}
		{26F36E61-35CC-47D9-89F6-63415A6A9550} = {EE204C89-72CD-4AD9-A993-8A7CE0D07170}
		{681CCCC9-827C-4DD7-ADD2-0B7709E76FE6} = {26F36E61-35CC-47D9-89F6-63415A6A9550}
		{DE5D3A8F-06D4-4E00-A7DE-B1A50F365BE6} = {EE204C89-72CD-4AD9-A993-8A7CE0D07170}
		{A9C6EEF6-69FB-497F-8402-4EF06AE02D03} = {DE5D3A8F-06D4-4E00-A7DE-B1A50F365BE6}
		{2F52484B-734F-4465-9828-4C164D5EF083} = {EE204C89-72CD-4AD9-A993-8A7CE0D07170}
		{6C4B07EC-AA07-4ADD-ABAA-E57A04B1D071} = {2F52484B-734F-4465-9828-4C164D5EF083}
		{F6A8255D-A576-44CE-83CA-2B99E34070EE} = {2F52484B-734F-4465-9828-4C164D5EF083}
		{10B3D874-6FDB-482C-9EB1-D22953F0F601} = {EE204C89-72CD-4AD9-A993-8A7CE0D07170}
		{EEDB4F77-51E2-476B-93DE-A2041ADC568B} = {10B3D874-6FDB-482C-9EB1-D22953F0F601}
	EndGlobalSection
	GlobalSection(ExtensibilityGlobals) = postSolution
		SolutionGuid = {AD044F59-E281-4170-ACF9-D5C764FA7BE7}
	EndGlobalSection
EndGlobal
